
Microsoft Visual Studio Solution File, Format Version 10.00
# Visual Studio 2008
Project("{FAE04EC0-301F-11D3-BF4B-00C04F79EFBC}") = "Demo.Common", "Demo.Common\Demo.Common.csproj", "{2B9FC03E-86D5-466D-A6D9-F8F2C1A9A11E}"
EndProject
Project("{FAE04EC0-301F-11D3-BF4B-00C04F79EFBC}") = "WpfApplication1", "WpfApplication1\WpfApplication1.csproj", "{D4FF63B4-507E-463D-A1D4-67118FA901C5}"
EndProject
Global
	GlobalSection(SolutionConfigurationPlatforms) = preSolution
		Debug|Any CPU = Debug|Any CPU
		Release|Any CPU = Release|Any CPU
	EndGlobalSection
	GlobalSection(ProjectConfigurationPlatforms) = postSolution
		{2B9FC03E-86D5-466D-A6D9-F8F2C1A9A11E}.Debug|Any CPU.ActiveCfg = Debug|Any CPU
		{2B9FC03E-86D5-466D-A6D9-F8F2C1A9A11E}.Debug|Any CPU.Build.0 = Debug|Any CPU
		{2B9FC03E-86D5-466D-A6D9-F8F2C1A9A11E}.Release|Any CPU.ActiveCfg = Release|Any CPU
		{2B9FC03E-86D5-466D-A6D9-F8F2C1A9A11E}.Release|Any CPU.Build.0 = Release|Any CPU
		{D4FF63B4-507E-463D-A1D4-67118FA901C5}.Debug|Any CPU.ActiveCfg = Debug|Any CPU
		{D4FF63B4-507E-463D-A1D4-67118FA901C5}.Debug|Any CPU.Build.0 = Debug|Any CPU
		{D4FF63B4-507E-463D-A1D4-67118FA901C5}.Release|Any CPU.ActiveCfg = Release|Any CPU
		{D4FF63B4-507E-463D-A1D4-67118FA901C5}.Release|Any CPU.Build.0 = Release|Any CPU
	EndGlobalSection
	GlobalSection(SolutionProperties) = preSolution
		HideSolutionNode = FALSE
	EndGlobalSection
EndGlobal
